
Microsoft Visual Studio Solution File, Format Version 12.00
# Visual Studio Version 17
VisualStudioVersion = 17.1.32328.378
MinimumVisualStudioVersion = 10.0.40219.1
Project("{FAE04EC0-301F-11D3-BF4B-00C04F79EFBC}") = "ConsoleApp7Primitivaedatatypes", "ConsoleApp7Primitivaedatatypes\ConsoleApp7Primitivaedatatypes.csproj", "{9CF7BFFA-392D-4FD7-BC57-22BC6A3A9726}"
EndProject
Global
	GlobalSection(SolutionConfigurationPlatforms) = preSolution
		Debug|Any CPU = Debug|Any CPU
		Release|Any CPU = Release|Any CPU
	EndGlobalSection
	GlobalSection(ProjectConfigurationPlatforms) = postSolution
		{9CF7BFFA-392D-4FD7-BC57-22BC6A3A9726}.Debug|Any CPU.ActiveCfg = Debug|Any CPU
		{9CF7BFFA-392D-4FD7-BC57-22BC6A3A9726}.Debug|Any CPU.Build.0 = Debug|Any CPU
		{9CF7BFFA-392D-4FD7-BC57-22BC6A3A9726}.Release|Any CPU.ActiveCfg = Release|Any CPU
		{9CF7BFFA-392D-4FD7-BC57-22BC6A3A9726}.Release|Any CPU.Build.0 = Release|Any CPU
	EndGlobalSection
	GlobalSection(SolutionProperties) = preSolution
		HideSolutionNode = FALSE
	EndGlobalSection
	GlobalSection(ExtensibilityGlobals) = postSolution
		SolutionGuid = {92741CD2-6BF3-4482-BAB8-2249F83CF5DB}
	EndGlobalSection
EndGlobal
